# THIS IS AN AUTOGENERATED FILE. DO NOT EDIT THIS FILE DIRECTLY.
# yarn lockfile v1


fscreen@^1.0.2:
  version "1.2.0"
  resolved "https://registry.yarnpkg.com/fscreen/-/fscreen-1.2.0.tgz#1a8c88e06bc16a07b473ad96196fb06d6657f59e"
  integrity sha512-hlq4+BU0hlPmwsFjwGGzZ+OZ9N/wq9Ljg/sq3pX+2CD7hrJsX9tJgWWK/wiNTFM212CLHWhicOoqwXyZGGetJg==

react-full-screen@^1.1.0:
  version "1.1.0"
  resolved "https://registry.yarnpkg.com/react-full-screen/-/react-full-screen-1.1.0.tgz#696c586da25652ed10d88046f8dc0b6620f4ef96"
  integrity sha512-ivL/HrcfHhEUJWmgoiDKP7Xfy127LGz9x3VnwVxljJ0ky1D1YqJmXjhxnuEhfqT3yociJy/HCk9/yyJ3HEAjaw==
  dependencies:
    fscreen "^1.0.2"
